
Microsoft Visual Studio Solution File, Format Version 12.00
# Visual Studio 2012
Project("{8BC9CEB8-8B4A-11D0-8D11-00A0C91BC942}") = "PointArray", "PointArray\PointArray.vcxproj", "{E782DC4B-D2BF-4529-B73A-1B4C791DCD00}"
EndProject
Global
	GlobalSection(SolutionConfigurationPlatforms) = preSolution
		Debug|Win32 = Debug|Win32
		Release|Win32 = Release|Win32
	EndGlobalSection
	GlobalSection(ProjectConfigurationPlatforms) = postSolution
		{E782DC4B-D2BF-4529-B73A-1B4C791DCD00}.Debug|Win32.ActiveCfg = Debug|Win32
		{E782DC4B-D2BF-4529-B73A-1B4C791DCD00}.Debug|Win32.Build.0 = Debug|Win32
		{E782DC4B-D2BF-4529-B73A-1B4C791DCD00}.Release|Win32.ActiveCfg = Release|Win32
		{E782DC4B-D2BF-4529-B73A-1B4C791DCD00}.Release|Win32.Build.0 = Release|Win32
	EndGlobalSection
	GlobalSection(SolutionProperties) = preSolution
		HideSolutionNode = FALSE
	EndGlobalSection
EndGlobal
